
Microsoft Visual Studio Solution File, Format Version 12.00
# Visual Studio 15
VisualStudioVersion = 15.0.27428.2037
MinimumVisualStudioVersion = 10.0.40219.1
Project("{FAE04EC0-301F-11D3-BF4B-00C04F79EFBC}") = "FizzBuzz", "PabloSalobrenaFizzBuzz\FizzBuzz.csproj", "{86103A22-01DA-4D04-AC1D-21F495A47673}"
EndProject
Project("{FAE04EC0-301F-11D3-BF4B-00C04F79EFBC}") = "FizzBuzz.Services", "..\PruebaFizzBuzz\FizzBuzz.Core\FizzBuzz.Services.csproj", "{6A97BDF1-9B54-457E-8B05-96A6DEFB77FA}"
EndProject
Global
	GlobalSection(SolutionConfigurationPlatforms) = preSolution
		Debug|Any CPU = Debug|Any CPU
		Release|Any CPU = Release|Any CPU
	EndGlobalSection
	GlobalSection(ProjectConfigurationPlatforms) = postSolution
		{86103A22-01DA-4D04-AC1D-21F495A47673}.Debug|Any CPU.ActiveCfg = Debug|Any CPU
		{86103A22-01DA-4D04-AC1D-21F495A47673}.Debug|Any CPU.Build.0 = Debug|Any CPU
		{86103A22-01DA-4D04-AC1D-21F495A47673}.Release|Any CPU.ActiveCfg = Release|Any CPU
		{86103A22-01DA-4D04-AC1D-21F495A47673}.Release|Any CPU.Build.0 = Release|Any CPU
		{6A97BDF1-9B54-457E-8B05-96A6DEFB77FA}.Debug|Any CPU.ActiveCfg = Debug|Any CPU
		{6A97BDF1-9B54-457E-8B05-96A6DEFB77FA}.Debug|Any CPU.Build.0 = Debug|Any CPU
		{6A97BDF1-9B54-457E-8B05-96A6DEFB77FA}.Release|Any CPU.ActiveCfg = Release|Any CPU
		{6A97BDF1-9B54-457E-8B05-96A6DEFB77FA}.Release|Any CPU.Build.0 = Release|Any CPU
	EndGlobalSection
	GlobalSection(SolutionProperties) = preSolution
		HideSolutionNode = FALSE
	EndGlobalSection
	GlobalSection(ExtensibilityGlobals) = postSolution
		SolutionGuid = {E4E6A7A0-B379-4281-BE95-62033C3447E9}
	EndGlobalSection
EndGlobal
